
Microsoft Visual Studio Solution File, Format Version 12.00
# Visual Studio Version 17
VisualStudioVersion = 17.10.35027.167
MinimumVisualStudioVersion = 10.0.40219.1
Project("{FAE04EC0-301F-11D3-BF4B-00C04F79EFBC}") = "Proyecto1", "Proyecto1.csproj", "{C34C7AB2-139A-4409-9876-4429430A161A}"
EndProject
Global
	GlobalSection(SolutionConfigurationPlatforms) = preSolution
		Debug|Any CPU = Debug|Any CPU
		Release|Any CPU = Release|Any CPU
	EndGlobalSection
	GlobalSection(ProjectConfigurationPlatforms) = postSolution
		{C34C7AB2-139A-4409-9876-4429430A161A}.Debug|Any CPU.ActiveCfg = Debug|Any CPU
		{C34C7AB2-139A-4409-9876-4429430A161A}.Debug|Any CPU.Build.0 = Debug|Any CPU
		{C34C7AB2-139A-4409-9876-4429430A161A}.Release|Any CPU.ActiveCfg = Release|Any CPU
		{C34C7AB2-139A-4409-9876-4429430A161A}.Release|Any CPU.Build.0 = Release|Any CPU
	EndGlobalSection
	GlobalSection(SolutionProperties) = preSolution
		HideSolutionNode = FALSE
	EndGlobalSection
	GlobalSection(ExtensibilityGlobals) = postSolution
		SolutionGuid = {9CCD5A5D-EA2D-41FE-A50F-6320549FD46C}
	EndGlobalSection
EndGlobal
